Microsoft Visual Studio Solution File, Format Version 11.00
# Visual Studio 2008

Project("{D5D59503-7A55-8F6F-1EC4-13AD202C267E}") = "ErgoWitness_VR", "Assembly-CSharp-firstpass.csproj", "{AD799E6F-8E6E-32D8-8B68-12BA3D54C5E0}"
EndProject
Project("{D5D59503-7A55-8F6F-1EC4-13AD202C267E}") = "ErgoWitness_VR", "Assembly-CSharp.csproj", "{762D8BEB-3555-DCF0-8F71-370B13C350D6}"
EndProject
Project("{D5D59503-7A55-8F6F-1EC4-13AD202C267E}") = "ErgoWitness_VR", "Assembly-CSharp-Editor-firstpass.csproj", "{D20E0977-A54B-4DC3-545B-AD110564B8E4}"
EndProject
Project("{D5D59503-7A55-8F6F-1EC4-13AD202C267E}") = "ErgoWitness_VR", "Assembly-CSharp-Editor.csproj", "{336756B2-6398-AE2C-344A-9A3BFEA23E5E}"
EndProject
Global
	GlobalSection(SolutionConfigurationPlatforms) = preSolution
		Debug|Any CPU = Debug|Any CPU
		Release|Any CPU = Release|Any CPU
	EndGlobalSection
	GlobalSection(ProjectConfigurationPlatforms) = postSolution
		{AD799E6F-8E6E-32D8-8B68-12BA3D54C5E0}.Debug|Any CPU.ActiveCfg = Debug|Any CPU
		{AD799E6F-8E6E-32D8-8B68-12BA3D54C5E0}.Debug|Any CPU.Build.0 = Debug|Any CPU
		{AD799E6F-8E6E-32D8-8B68-12BA3D54C5E0}.Release|Any CPU.ActiveCfg = Release|Any CPU
		{AD799E6F-8E6E-32D8-8B68-12BA3D54C5E0}.Release|Any CPU.Build.0 = Release|Any CPU
		{762D8BEB-3555-DCF0-8F71-370B13C350D6}.Debug|Any CPU.ActiveCfg = Debug|Any CPU
		{762D8BEB-3555-DCF0-8F71-370B13C350D6}.Debug|Any CPU.Build.0 = Debug|Any CPU
		{762D8BEB-3555-DCF0-8F71-370B13C350D6}.Release|Any CPU.ActiveCfg = Release|Any CPU
		{762D8BEB-3555-DCF0-8F71-370B13C350D6}.Release|Any CPU.Build.0 = Release|Any CPU
		{D20E0977-A54B-4DC3-545B-AD110564B8E4}.Debug|Any CPU.ActiveCfg = Debug|Any CPU
		{D20E0977-A54B-4DC3-545B-AD110564B8E4}.Debug|Any CPU.Build.0 = Debug|Any CPU
		{D20E0977-A54B-4DC3-545B-AD110564B8E4}.Release|Any CPU.ActiveCfg = Release|Any CPU
		{D20E0977-A54B-4DC3-545B-AD110564B8E4}.Release|Any CPU.Build.0 = Release|Any CPU
		{336756B2-6398-AE2C-344A-9A3BFEA23E5E}.Debug|Any CPU.ActiveCfg = Debug|Any CPU
		{336756B2-6398-AE2C-344A-9A3BFEA23E5E}.Debug|Any CPU.Build.0 = Debug|Any CPU
		{336756B2-6398-AE2C-344A-9A3BFEA23E5E}.Release|Any CPU.ActiveCfg = Release|Any CPU
		{336756B2-6398-AE2C-344A-9A3BFEA23E5E}.Release|Any CPU.Build.0 = Release|Any CPU
	EndGlobalSection
	GlobalSection(SolutionProperties) = preSolution
		HideSolutionNode = FALSE
	EndGlobalSection
	GlobalSection(MonoDevelopProperties) = preSolution
		StartupItem = Assembly-CSharp.csproj
	EndGlobalSection
EndGlobal
